
Microsoft Visual Studio Solution File, Format Version 12.00
# Visual Studio Version 17
VisualStudioVersion = 17.10.35013.160
MinimumVisualStudioVersion = 10.0.40219.1
Project("{FAE04EC0-301F-11D3-BF4B-00C04F79EFBC}") = "Hackathon25", "Hackathon25.csproj", "{23E88213-A84E-42EE-9578-6FBC5116E80C}"
EndProject
Global
	GlobalSection(SolutionConfigurationPlatforms) = preSolution
		Debug|Any CPU = Debug|Any CPU
		Release|Any CPU = Release|Any CPU
	EndGlobalSection
	GlobalSection(ProjectConfigurationPlatforms) = postSolution
		{23E88213-A84E-42EE-9578-6FBC5116E80C}.Debug|Any CPU.ActiveCfg = Debug|Any CPU
		{23E88213-A84E-42EE-9578-6FBC5116E80C}.Debug|Any CPU.Build.0 = Debug|Any CPU
		{23E88213-A84E-42EE-9578-6FBC5116E80C}.Release|Any CPU.ActiveCfg = Release|Any CPU
		{23E88213-A84E-42EE-9578-6FBC5116E80C}.Release|Any CPU.Build.0 = Release|Any CPU
	EndGlobalSection
	GlobalSection(SolutionProperties) = preSolution
		HideSolutionNode = FALSE
	EndGlobalSection
	GlobalSection(ExtensibilityGlobals) = postSolution
		SolutionGuid = {B4142D80-5D80-4D29-90A6-F4CA8E5D4CFE}
	EndGlobalSection
EndGlobal
